
Microsoft Visual Studio Solution File, Format Version 12.00
# Visual Studio 14
VisualStudioVersion = 14.0.25420.1
MinimumVisualStudioVersion = 10.0.40219.1
Project("{2150E333-8FDC-42A3-9474-1A3956D46DE8}") = "src", "src", "{8A00BA77-B607-4288-9259-BBC506BE28B9}"
EndProject
Project("{2150E333-8FDC-42A3-9474-1A3956D46DE8}") = "Solution Items", "Solution Items", "{EDA16F66-D8CA-4FBC-9583-29758345C665}"
	ProjectSection(SolutionItems) = preProject
		global.json = global.json
	EndProjectSection
EndProject
Project("{8BB2217D-0F2D-49D1-97BC-3654ED321F3B}") = "ClassLibrary2", "src\ClassLibrary2\ClassLibrary2.xproj", "{3512BBBD-3E71-4D1F-B44F-EF8A0FDEB078}"
EndProject
Global
	GlobalSection(SolutionConfigurationPlatforms) = preSolution
		Debug|Any CPU = Debug|Any CPU
		Release|Any CPU = Release|Any CPU
	EndGlobalSection
	GlobalSection(ProjectConfigurationPlatforms) = postSolution
		{3512BBBD-3E71-4D1F-B44F-EF8A0FDEB078}.Debug|Any CPU.ActiveCfg = Debug|Any CPU
		{3512BBBD-3E71-4D1F-B44F-EF8A0FDEB078}.Debug|Any CPU.Build.0 = Debug|Any CPU
		{3512BBBD-3E71-4D1F-B44F-EF8A0FDEB078}.Release|Any CPU.ActiveCfg = Release|Any CPU
		{3512BBBD-3E71-4D1F-B44F-EF8A0FDEB078}.Release|Any CPU.Build.0 = Release|Any CPU
	EndGlobalSection
	GlobalSection(SolutionProperties) = preSolution
		HideSolutionNode = FALSE
	EndGlobalSection
	GlobalSection(NestedProjects) = preSolution
		{3512BBBD-3E71-4D1F-B44F-EF8A0FDEB078} = {8A00BA77-B607-4288-9259-BBC506BE28B9}
	EndGlobalSection
EndGlobal
